
Microsoft Visual Studio Solution File, Format Version 12.00
# Visual Studio Version 17
VisualStudioVersion = 17.4.33103.184
MinimumVisualStudioVersion = 10.0.40219.1
Project("{FAE04EC0-301F-11D3-BF4B-00C04F79EFBC}") = "GrpcBillingService", "GrpcBillingService\GrpcBillingService.csproj", "{D0B9F668-9334-4B4B-B8A4-530D615CB464}"
EndProject
Global
	GlobalSection(SolutionConfigurationPlatforms) = preSolution
		Debug|Any CPU = Debug|Any CPU
		Release|Any CPU = Release|Any CPU
	EndGlobalSection
	GlobalSection(ProjectConfigurationPlatforms) = postSolution
		{D0B9F668-9334-4B4B-B8A4-530D615CB464}.Debug|Any CPU.ActiveCfg = Debug|Any CPU
		{D0B9F668-9334-4B4B-B8A4-530D615CB464}.Debug|Any CPU.Build.0 = Debug|Any CPU
		{D0B9F668-9334-4B4B-B8A4-530D615CB464}.Release|Any CPU.ActiveCfg = Release|Any CPU
		{D0B9F668-9334-4B4B-B8A4-530D615CB464}.Release|Any CPU.Build.0 = Release|Any CPU
	EndGlobalSection
	GlobalSection(SolutionProperties) = preSolution
		HideSolutionNode = FALSE
	EndGlobalSection
	GlobalSection(ExtensibilityGlobals) = postSolution
		SolutionGuid = {8D208CDC-B934-4538-BF1A-950EC2E25D9D}
	EndGlobalSection
EndGlobal
