
Microsoft Visual Studio Solution File, Format Version 12.00
# Visual Studio Version 17
VisualStudioVersion = 17.4.33103.184
MinimumVisualStudioVersion = 10.0.40219.1
Project("{9A19103F-16F7-4668-BE54-9A1E7A4F7556}") = "Task1", "Task1\Task1.csproj", "{3BF402AF-03CD-45DB-9E17-B65961F2EDC3}"
EndProject
Project("{FAE04EC0-301F-11D3-BF4B-00C04F79EFBC}") = "Task1.Tests", "Task1.Tests\Task1.Tests.csproj", "{778F4658-DEA8-4727-9AAC-FD50AF975078}"
EndProject
Global
	GlobalSection(SolutionConfigurationPlatforms) = preSolution
		Debug|Any CPU = Debug|Any CPU
		Release|Any CPU = Release|Any CPU
	EndGlobalSection
	GlobalSection(ProjectConfigurationPlatforms) = postSolution
		{3BF402AF-03CD-45DB-9E17-B65961F2EDC3}.Debug|Any CPU.ActiveCfg = Debug|Any CPU
		{3BF402AF-03CD-45DB-9E17-B65961F2EDC3}.Debug|Any CPU.Build.0 = Debug|Any CPU
		{3BF402AF-03CD-45DB-9E17-B65961F2EDC3}.Release|Any CPU.ActiveCfg = Release|Any CPU
		{3BF402AF-03CD-45DB-9E17-B65961F2EDC3}.Release|Any CPU.Build.0 = Release|Any CPU
		{778F4658-DEA8-4727-9AAC-FD50AF975078}.Debug|Any CPU.ActiveCfg = Debug|Any CPU
		{778F4658-DEA8-4727-9AAC-FD50AF975078}.Debug|Any CPU.Build.0 = Debug|Any CPU
		{778F4658-DEA8-4727-9AAC-FD50AF975078}.Release|Any CPU.ActiveCfg = Release|Any CPU
		{778F4658-DEA8-4727-9AAC-FD50AF975078}.Release|Any CPU.Build.0 = Release|Any CPU
	EndGlobalSection
	GlobalSection(SolutionProperties) = preSolution
		HideSolutionNode = FALSE
	EndGlobalSection
	GlobalSection(ExtensibilityGlobals) = postSolution
		SolutionGuid = {A85D567E-1030-430E-94DA-55C726060919}
	EndGlobalSection
EndGlobal
